
Microsoft Visual Studio Solution File, Format Version 12.00
# Visual Studio Version 16
VisualStudioVersion = 16.0.32228.343
MinimumVisualStudioVersion = 10.0.40219.1
Project("{FAE04EC0-301F-11D3-BF4B-00C04F79EFBC}") = "Nhom9_QLDHSTHPT", "Nhom9_QLDHSTHPT\Nhom9_QLDHSTHPT.csproj", "{6F5AAB15-1949-454D-962C-87956F2BDC6C}"
EndProject
Global
	GlobalSection(SolutionConfigurationPlatforms) = preSolution
		Debug|Any CPU = Debug|Any CPU
		Release|Any CPU = Release|Any CPU
	EndGlobalSection
	GlobalSection(ProjectConfigurationPlatforms) = postSolution
		{6F5AAB15-1949-454D-962C-87956F2BDC6C}.Debug|Any CPU.ActiveCfg = Debug|Any CPU
		{6F5AAB15-1949-454D-962C-87956F2BDC6C}.Debug|Any CPU.Build.0 = Debug|Any CPU
		{6F5AAB15-1949-454D-962C-87956F2BDC6C}.Release|Any CPU.ActiveCfg = Release|Any CPU
		{6F5AAB15-1949-454D-962C-87956F2BDC6C}.Release|Any CPU.Build.0 = Release|Any CPU
	EndGlobalSection
	GlobalSection(SolutionProperties) = preSolution
		HideSolutionNode = FALSE
	EndGlobalSection
	GlobalSection(ExtensibilityGlobals) = postSolution
		SolutionGuid = {5D308C15-7D22-4697-B141-79B2F3726AAA}
	EndGlobalSection
EndGlobal
